// !$*UTF8*$!
{
	archiveVersion = 1;
	classes = {
	};
	objectVersion = 52;
	objects = {

/* Begin PBXBuildFile section */
		D400137F24BD4647001D429A /* AppDelegate.swift in Sources */ = {isa = PBXBuildFile; fileRef = D400137E24BD4647001D429A /* AppDelegate.swift */; };
		D400138124BD4647001D429A /* ContentView.swift in Sources */ = {isa = PBXBuildFile; fileRef = D400138024BD4647001D429A /* ContentView.swift */; };
		D400138324BD4648001D429A /* Assets.xcassets in Resources */ = {isa = PBXBuildFile; fileRef = D400138224BD4648001D429A /* Assets.xcassets */; };
		D400138624BD4648001D429A /* Preview Assets.xcassets in Resources */ = {isa = PBXBuildFile; fileRef = D400138524BD4648001D429A /* Preview Assets.xcassets */; };
		D400138924BD4648001D429A /* Main.storyboard in Resources */ = {isa = PBXBuildFile; fileRef = D400138724BD4648001D429A /* Main.storyboard */; };
		D400139824BD7156001D429A /* Charts in Frameworks */ = {isa = PBXBuildFile; productRef = D400139724BD7156001D429A /* Charts */; };
		D400139A24BD7197001D429A /* LineChartView.swift in Sources */ = {isa = PBXBuildFile; fileRef = D400139924BD7197001D429A /* LineChartView.swift */; };
		D4E0411324BFE87C0026970F /* LineChartCore.swift in Sources */ = {isa = PBXBuildFile; fileRef = D4E0411224BFE87C0026970F /* LineChartCore.swift */; };
		D4FE3F8A24BEB9A60055D095 /* ChartLegend.swift in Sources */ = {isa = PBXBuildFile; fileRef = D4FE3F8924BEB9A60055D095 /* ChartLegend.swift */; };
		D4FE3F8C24BEBAD10055D095 /* ChartLegendoid.swift in Sources */ = {isa = PBXBuildFile; fileRef = D4FE3F8B24BEBAD10055D095 /* ChartLegendoid.swift */; };
		D4FE3F9424BED7720055D095 /* Cbuffer.swift in Sources */ = {isa = PBXBuildFile; fileRef = D4FE3F9324BED7720055D095 /* Cbuffer.swift */; };
		D4FE3F9624BED7AD0055D095 /* Debug.swift in Sources */ = {isa = PBXBuildFile; fileRef = D4FE3F9524BED7AD0055D095 /* Debug.swift */; };
		D4FE3F9924BED7E20055D095 /* Arkonia.swift in Sources */ = {isa = PBXBuildFile; fileRef = D4FE3F9824BED7E20055D095 /* Arkonia.swift */; };
		D4FE3F9B24BED8060055D095 /* Extensions.swift in Sources */ = {isa = PBXBuildFile; fileRef = D4FE3F9A24BED8060055D095 /* Extensions.swift */; };
/* End PBXBuildFile section */

/* Begin PBXFileReference section */
		D400137B24BD4647001D429A /* Fletch.app */ = {isa = PBXFileReference; explicitFileType = wrapper.application; includeInIndex = 0; path = Fletch.app; sourceTree = BUILT_PRODUCTS_DIR; };
		D400137E24BD4647001D429A /* AppDelegate.swift */ = {isa = PBXFileReference; lastKnownFileType = sourcecode.swift; path = AppDelegate.swift; sourceTree = "<group>"; };
		D400138024BD4647001D429A /* ContentView.swift */ = {isa = PBXFileReference; lastKnownFileType = sourcecode.swift; path = ContentView.swift; sourceTree = "<group>"; };
		D400138224BD4648001D429A /* Assets.xcassets */ = {isa = PBXFileReference; lastKnownFileType = folder.assetcatalog; path = Assets.xcassets; sourceTree = "<group>"; };
		D400138524BD4648001D429A /* Preview Assets.xcassets */ = {isa = PBXFileReference; lastKnownFileType = folder.assetcatalog; path = "Preview Assets.xcassets"; sourceTree = "<group>"; };
		D400138824BD4648001D429A /* Base */ = {isa = PBXFileReference; lastKnownFileType = file.storyboard; name = Base; path = Base.lproj/Main.storyboard; sourceTree = "<group>"; };
		D400138A24BD4648001D429A /* Info.plist */ = {isa = PBXFileReference; lastKnownFileType = text.plist.xml; path = Info.plist; sourceTree = "<group>"; };
		D400138B24BD4648001D429A /* Fletch.entitlements */ = {isa = PBXFileReference; lastKnownFileType = text.plist.entitlements; path = Fletch.entitlements; sourceTree = "<group>"; };
		D400139924BD7197001D429A /* LineChartView.swift */ = {isa = PBXFileReference; lastKnownFileType = sourcecode.swift; path = LineChartView.swift; sourceTree = "<group>"; };
		D4E0411224BFE87C0026970F /* LineChartCore.swift */ = {isa = PBXFileReference; lastKnownFileType = sourcecode.swift; path = LineChartCore.swift; sourceTree = "<group>"; };
		D4FE3F8924BEB9A60055D095 /* ChartLegend.swift */ = {isa = PBXFileReference; lastKnownFileType = sourcecode.swift; path = ChartLegend.swift; sourceTree = "<group>"; };
		D4FE3F8B24BEBAD10055D095 /* ChartLegendoid.swift */ = {isa = PBXFileReference; lastKnownFileType = sourcecode.swift; path = ChartLegendoid.swift; sourceTree = "<group>"; };
		D4FE3F9324BED7720055D095 /* Cbuffer.swift */ = {isa = PBXFileReference; lastKnownFileType = sourcecode.swift; path = Cbuffer.swift; sourceTree = "<group>"; };
		D4FE3F9524BED7AD0055D095 /* Debug.swift */ = {isa = PBXFileReference; lastKnownFileType = sourcecode.swift; path = Debug.swift; sourceTree = "<group>"; };
		D4FE3F9824BED7E20055D095 /* Arkonia.swift */ = {isa = PBXFileReference; lastKnownFileType = sourcecode.swift; path = Arkonia.swift; sourceTree = "<group>"; };
		D4FE3F9A24BED8060055D095 /* Extensions.swift */ = {isa = PBXFileReference; lastKnownFileType = sourcecode.swift; path = Extensions.swift; sourceTree = "<group>"; };
/* End PBXFileReference section */

/* Begin PBXFrameworksBuildPhase section */
		D400137824BD4647001D429A /* Frameworks */ = {
			isa = PBXFrameworksBuildPhase;
			buildActionMask = 2147483647;
			files = (
				D400139824BD7156001D429A /* Charts in Frameworks */,
			);
			runOnlyForDeploymentPostprocessing = 0;
		};
/* End PBXFrameworksBuildPhase section */

/* Begin PBXGroup section */
		D400137224BD4646001D429A = {
			isa = PBXGroup;
			children = (
				D4FE3F9724BED7D80055D095 /* Arkonia */,
				D4FE3F9224BED7590055D095 /* Miscellany */,
				D400139124BD599E001D429A /* UI */,
				D400137D24BD4647001D429A /* macOS */,
				D4FE3F8D24BEC9130055D095 /* SpriteKit */,
				D400137C24BD4647001D429A /* Products */,
			);
			sourceTree = "<group>";
		};
		D400137C24BD4647001D429A /* Products */ = {
			isa = PBXGroup;
			children = (
				D400137B24BD4647001D429A /* Fletch.app */,
			);
			name = Products;
			sourceTree = "<group>";
		};
		D400137D24BD4647001D429A /* macOS */ = {
			isa = PBXGroup;
			children = (
				D400137E24BD4647001D429A /* AppDelegate.swift */,
				D400138224BD4648001D429A /* Assets.xcassets */,
				D400138724BD4648001D429A /* Main.storyboard */,
				D400138A24BD4648001D429A /* Info.plist */,
				D400138B24BD4648001D429A /* Fletch.entitlements */,
				D400138424BD4648001D429A /* Preview Content */,
			);
			path = macOS;
			sourceTree = "<group>";
		};
		D400138424BD4648001D429A /* Preview Content */ = {
			isa = PBXGroup;
			children = (
				D400138524BD4648001D429A /* Preview Assets.xcassets */,
			);
			path = "Preview Content";
			sourceTree = "<group>";
		};
		D400139124BD599E001D429A /* UI */ = {
			isa = PBXGroup;
			children = (
				D4FE3F8924BEB9A60055D095 /* ChartLegend.swift */,
				D4FE3F8B24BEBAD10055D095 /* ChartLegendoid.swift */,
				D400138024BD4647001D429A /* ContentView.swift */,
				D4E0411224BFE87C0026970F /* LineChartCore.swift */,
				D400139924BD7197001D429A /* LineChartView.swift */,
			);
			path = UI;
			sourceTree = "<group>";
		};
		D4FE3F8D24BEC9130055D095 /* SpriteKit */ = {
			isa = PBXGroup;
			children = (
			);
			path = SpriteKit;
			sourceTree = "<group>";
		};
		D4FE3F9224BED7590055D095 /* Miscellany */ = {
			isa = PBXGroup;
			children = (
				D4FE3F9324BED7720055D095 /* Cbuffer.swift */,
				D4FE3F9524BED7AD0055D095 /* Debug.swift */,
				D4FE3F9A24BED8060055D095 /* Extensions.swift */,
			);
			path = Miscellany;
			sourceTree = "<group>";
		};
		D4FE3F9724BED7D80055D095 /* Arkonia */ = {
			isa = PBXGroup;
			children = (
				D4FE3F9824BED7E20055D095 /* Arkonia.swift */,
			);
			path = Arkonia;
			sourceTree = "<group>";
		};
/* End PBXGroup section */

/* Begin PBXNativeTarget section */
		D400137A24BD4647001D429A /* Fletch */ = {
			isa = PBXNativeTarget;
			buildConfigurationList = D400138E24BD4648001D429A /* Build configuration list for PBXNativeTarget "Fletch" */;
			buildPhases = (
				D400137724BD4647001D429A /* Sources */,
				D400137824BD4647001D429A /* Frameworks */,
				D400137924BD4647001D429A /* Resources */,
			);
			buildRules = (
			);
			dependencies = (
			);
			name = Fletch;
			packageProductDependencies = (
				D400139724BD7156001D429A /* Charts */,
			);
			productName = Fletch;
			productReference = D400137B24BD4647001D429A /* Fletch.app */;
			productType = "com.apple.product-type.application";
		};
/* End PBXNativeTarget section */

/* Begin PBXProject section */
		D400137324BD4646001D429A /* Project object */ = {
			isa = PBXProject;
			attributes = {
				LastSwiftUpdateCheck = 1160;
				LastUpgradeCheck = 1200;
				ORGANIZATIONNAME = "Boring Software";
				TargetAttributes = {
					D400137A24BD4647001D429A = {
						CreatedOnToolsVersion = 11.6;
					};
				};
			};
			buildConfigurationList = D400137624BD4646001D429A /* Build configuration list for PBXProject "Fletch" */;
			compatibilityVersion = "Xcode 9.3";
			developmentRegion = en;
			hasScannedForEncodings = 0;
			knownRegions = (
				en,
				Base,
			);
			mainGroup = D400137224BD4646001D429A;
			packageReferences = (
				D400139624BD7156001D429A /* XCRemoteSwiftPackageReference "swiftui-charts" */,
			);
			productRefGroup = D400137C24BD4647001D429A /* Products */;
			projectDirPath = "";
			projectRoot = "";
			targets = (
				D400137A24BD4647001D429A /* Fletch */,
			);
		};
/* End PBXProject section */

/* Begin PBXResourcesBuildPhase section */
		D400137924BD4647001D429A /* Resources */ = {
			isa = PBXResourcesBuildPhase;
			buildActionMask = 2147483647;
			files = (
				D400138924BD4648001D429A /* Main.storyboard in Resources */,
				D400138624BD4648001D429A /* Preview Assets.xcassets in Resources */,
				D400138324BD4648001D429A /* Assets.xcassets in Resources */,
			);
			runOnlyForDeploymentPostprocessing = 0;
		};
/* End PBXResourcesBuildPhase section */

/* Begin PBXSourcesBuildPhase section */
		D400137724BD4647001D429A /* Sources */ = {
			isa = PBXSourcesBuildPhase;
			buildActionMask = 2147483647;
			files = (
				D4FE3F9424BED7720055D095 /* Cbuffer.swift in Sources */,
				D4FE3F9924BED7E20055D095 /* Arkonia.swift in Sources */,
				D400138124BD4647001D429A /* ContentView.swift in Sources */,
				D400137F24BD4647001D429A /* AppDelegate.swift in Sources */,
				D4FE3F9B24BED8060055D095 /* Extensions.swift in Sources */,
				D4FE3F8C24BEBAD10055D095 /* ChartLegendoid.swift in Sources */,
				D4FE3F9624BED7AD0055D095 /* Debug.swift in Sources */,
				D4E0411324BFE87C0026970F /* LineChartCore.swift in Sources */,
				D400139A24BD7197001D429A /* LineChartView.swift in Sources */,
				D4FE3F8A24BEB9A60055D095 /* ChartLegend.swift in Sources */,
			);
			runOnlyForDeploymentPostprocessing = 0;
		};
/* End PBXSourcesBuildPhase section */

/* Begin PBXVariantGroup section */
		D400138724BD4648001D429A /* Main.storyboard */ = {
			isa = PBXVariantGroup;
			children = (
				D400138824BD4648001D429A /* Base */,
			);
			name = Main.storyboard;
			sourceTree = "<group>";
		};
/* End PBXVariantGroup section */

/* Begin XCBuildConfiguration section */
		D400138C24BD4648001D429A /* Debug */ = {
			isa = XCBuildConfiguration;
			buildSettings = {
				ALWAYS_SEARCH_USER_PATHS = NO;
				CLANG_ANALYZER_NONNULL = YES;
				CLANG_ANALYZER_NUMBER_OBJECT_CONVERSION = YES_AGGRESSIVE;
				CLANG_CXX_LANGUAGE_STANDARD = "gnu++14";
				CLANG_CXX_LIBRARY = "libc++";
				CLANG_ENABLE_MODULES = YES;
				CLANG_ENABLE_OBJC_ARC = YES;
				CLANG_ENABLE_OBJC_WEAK = YES;
				CLANG_WARN_BLOCK_CAPTURE_AUTORELEASING = YES;
				CLANG_WARN_BOOL_CONVERSION = YES;
				CLANG_WARN_COMMA = YES;
				CLANG_WARN_CONSTANT_CONVERSION = YES;
				CLANG_WARN_DEPRECATED_OBJC_IMPLEMENTATIONS = YES;
				CLANG_WARN_DIRECT_OBJC_ISA_USAGE = YES_ERROR;
				CLANG_WARN_DOCUMENTATION_COMMENTS = YES;
				CLANG_WARN_EMPTY_BODY = YES;
				CLANG_WARN_ENUM_CONVERSION = YES;
				CLANG_WARN_INFINITE_RECURSION = YES;
				CLANG_WARN_INT_CONVERSION = YES;
				CLANG_WARN_NON_LITERAL_NULL_CONVERSION = YES;
				CLANG_WARN_OBJC_IMPLICIT_RETAIN_SELF = YES;
				CLANG_WARN_OBJC_LITERAL_CONVERSION = YES;
				CLANG_WARN_OBJC_ROOT_CLASS = YES_ERROR;
				CLANG_WARN_QUOTED_INCLUDE_IN_FRAMEWORK_HEADER = YES;
				CLANG_WARN_RANGE_LOOP_ANALYSIS = YES;
				CLANG_WARN_STRICT_PROTOTYPES = YES;
				CLANG_WARN_SUSPICIOUS_MOVE = YES;
				CLANG_WARN_UNGUARDED_AVAILABILITY = YES_AGGRESSIVE;
				CLANG_WARN_UNREACHABLE_CODE = YES;
				CLANG_WARN__DUPLICATE_METHOD_MATCH = YES;
				COPY_PHASE_STRIP = NO;
				DEBUG_INFORMATION_FORMAT = dwarf;
				ENABLE_STRICT_OBJC_MSGSEND = YES;
				ENABLE_TESTABILITY = YES;
				GCC_C_LANGUAGE_STANDARD = gnu11;
				GCC_DYNAMIC_NO_PIC = NO;
				GCC_NO_COMMON_BLOCKS = YES;
				GCC_OPTIMIZATION_LEVEL = 0;
				GCC_PREPROCESSOR_DEFINITIONS = (
					"DEBUG=1",
					"$(inherited)",
				);
				GCC_WARN_64_TO_32_BIT_CONVERSION = YES;
				GCC_WARN_ABOUT_RETURN_TYPE = YES_ERROR;
				GCC_WARN_UNDECLARED_SELECTOR = YES;
				GCC_WARN_UNINITIALIZED_AUTOS = YES_AGGRESSIVE;
				GCC_WARN_UNUSED_FUNCTION = YES;
				GCC_WARN_UNUSED_VARIABLE = YES;
				MACOSX_DEPLOYMENT_TARGET = 10.15;
				MTL_ENABLE_DEBUG_INFO = INCLUDE_SOURCE;
				MTL_FAST_MATH = YES;
				ONLY_ACTIVE_ARCH = YES;
				SDKROOT = macosx;
				SWIFT_ACTIVE_COMPILATION_CONDITIONS = DEBUG;
				SWIFT_OPTIMIZATION_LEVEL = "-Onone";
			};
			name = Debug;
		};
		D400138D24BD4648001D429A /* Release */ = {
			isa = XCBuildConfiguration;
			buildSettings = {
				ALWAYS_SEARCH_USER_PATHS = NO;
				CLANG_ANALYZER_NONNULL = YES;
				CLANG_ANALYZER_NUMBER_OBJECT_CONVERSION = YES_AGGRESSIVE;
				CLANG_CXX_LANGUAGE_STANDARD = "gnu++14";
				CLANG_CXX_LIBRARY = "libc++";
				CLANG_ENABLE_MODULES = YES;
				CLANG_ENABLE_OBJC_ARC = YES;
				CLANG_ENABLE_OBJC_WEAK = YES;
				CLANG_WARN_BLOCK_CAPTURE_AUTORELEASING = YES;
				CLANG_WARN_BOOL_CONVERSION = YES;
				CLANG_WARN_COMMA = YES;
				CLANG_WARN_CONSTANT_CONVERSION = YES;
				CLANG_WARN_DEPRECATED_OBJC_IMPLEMENTATIONS = YES;
				CLANG_WARN_DIRECT_OBJC_ISA_USAGE = YES_ERROR;
				CLANG_WARN_DOCUMENTATION_COMMENTS = YES;
				CLANG_WARN_EMPTY_BODY = YES;
				CLANG_WARN_ENUM_CONVERSION = YES;
				CLANG_WARN_INFINITE_RECURSION = YES;
				CLANG_WARN_INT_CONVERSION = YES;
				CLANG_WARN_NON_LITERAL_NULL_CONVERSION = YES;
				CLANG_WARN_OBJC_IMPLICIT_RETAIN_SELF = YES;
				CLANG_WARN_OBJC_LITERAL_CONVERSION = YES;
				CLANG_WARN_OBJC_ROOT_CLASS = YES_ERROR;
				CLANG_WARN_QUOTED_INCLUDE_IN_FRAMEWORK_HEADER = YES;
				CLANG_WARN_RANGE_LOOP_ANALYSIS = YES;
				CLANG_WARN_STRICT_PROTOTYPES = YES;
				CLANG_WARN_SUSPICIOUS_MOVE = YES;
				CLANG_WARN_UNGUARDED_AVAILABILITY = YES_AGGRESSIVE;
				CLANG_WARN_UNREACHABLE_CODE = YES;
				CLANG_WARN__DUPLICATE_METHOD_MATCH = YES;
				COPY_PHASE_STRIP = NO;
				DEBUG_INFORMATION_FORMAT = "dwarf-with-dsym";
				ENABLE_NS_ASSERTIONS = NO;
				ENABLE_STRICT_OBJC_MSGSEND = YES;
				GCC_C_LANGUAGE_STANDARD = gnu11;
				GCC_NO_COMMON_BLOCKS = YES;
				GCC_WARN_64_TO_32_BIT_CONVERSION = YES;
				GCC_WARN_ABOUT_RETURN_TYPE = YES_ERROR;
				GCC_WARN_UNDECLARED_SELECTOR = YES;
				GCC_WARN_UNINITIALIZED_AUTOS = YES_AGGRESSIVE;
				GCC_WARN_UNUSED_FUNCTION = YES;
				GCC_WARN_UNUSED_VARIABLE = YES;
				MACOSX_DEPLOYMENT_TARGET = 10.15;
				MTL_ENABLE_DEBUG_INFO = NO;
				MTL_FAST_MATH = YES;
				SDKROOT = macosx;
				SWIFT_COMPILATION_MODE = wholemodule;
				SWIFT_OPTIMIZATION_LEVEL = "-O";
			};
			name = Release;
		};
		D400138F24BD4648001D429A /* Debug */ = {
			isa = XCBuildConfiguration;
			buildSettings = {
				ASSETCATALOG_COMPILER_APPICON_NAME = AppIcon;
				CODE_SIGN_ENTITLEMENTS = macOS/Fletch.entitlements;
				CODE_SIGN_IDENTITY = "Apple Development";
				CODE_SIGN_STYLE = Automatic;
				COMBINE_HIDPI_IMAGES = YES;
				DEVELOPMENT_ASSET_PATHS = "\"macOS/Preview Content\"";
				DEVELOPMENT_TEAM = DD983V4X84;
				ENABLE_HARDENED_RUNTIME = YES;
				ENABLE_PREVIEWS = YES;
				INFOPLIST_FILE = macOS/Info.plist;
				LD_RUNPATH_SEARCH_PATHS = (
					"$(inherited)",
					"@executable_path/../Frameworks",
				);
				MACOSX_DEPLOYMENT_TARGET = 10.15;
				PRODUCT_BUNDLE_IDENTIFIER = com.boringsoftware.Fletch;
				PRODUCT_NAME = "$(TARGET_NAME)";
				SWIFT_VERSION = 5.0;
			};
			name = Debug;
		};
		D400139024BD4648001D429A /* Release */ = {
			isa = XCBuildConfiguration;
			buildSettings = {
				ASSETCATALOG_COMPILER_APPICON_NAME = AppIcon;
				CODE_SIGN_ENTITLEMENTS = macOS/Fletch.entitlements;
				CODE_SIGN_IDENTITY = "Apple Development";
				CODE_SIGN_STYLE = Automatic;
				COMBINE_HIDPI_IMAGES = YES;
				DEVELOPMENT_ASSET_PATHS = "\"macOS/Preview Content\"";
				DEVELOPMENT_TEAM = DD983V4X84;
				ENABLE_HARDENED_RUNTIME = YES;
				ENABLE_PREVIEWS = YES;
				INFOPLIST_FILE = macOS/Info.plist;
				LD_RUNPATH_SEARCH_PATHS = (
					"$(inherited)",
					"@executable_path/../Frameworks",
				);
				MACOSX_DEPLOYMENT_TARGET = 10.15;
				PRODUCT_BUNDLE_IDENTIFIER = com.boringsoftware.Fletch;
				PRODUCT_NAME = "$(TARGET_NAME)";
				SWIFT_VERSION = 5.0;
			};
			name = Release;
		};
/* End XCBuildConfiguration section */

/* Begin XCConfigurationList section */
		D400137624BD4646001D429A /* Build configuration list for PBXProject "Fletch" */ = {
			isa = XCConfigurationList;
			buildConfigurations = (
				D400138C24BD4648001D429A /* Debug */,
				D400138D24BD4648001D429A /* Release */,
			);
			defaultConfigurationIsVisible = 0;
			defaultConfigurationName = Release;
		};
		D400138E24BD4648001D429A /* Build configuration list for PBXNativeTarget "Fletch" */ = {
			isa = XCConfigurationList;
			buildConfigurations = (
				D400138F24BD4648001D429A /* Debug */,
				D400139024BD4648001D429A /* Release */,
			);
			defaultConfigurationIsVisible = 0;
			defaultConfigurationName = Release;
		};
/* End XCConfigurationList section */

/* Begin XCRemoteSwiftPackageReference section */
		D400139624BD7156001D429A /* XCRemoteSwiftPackageReference "swiftui-charts" */ = {
			isa = XCRemoteSwiftPackageReference;
			repositoryURL = "https://github.com/spacenation/swiftui-charts.git";
			requirement = {
				kind = upToNextMajorVersion;
				minimumVersion = 0.1.0;
			};
		};
/* End XCRemoteSwiftPackageReference section */

/* Begin XCSwiftPackageProductDependency section */
		D400139724BD7156001D429A /* Charts */ = {
			isa = XCSwiftPackageProductDependency;
			package = D400139624BD7156001D429A /* XCRemoteSwiftPackageReference "swiftui-charts" */;
			productName = Charts;
		};
/* End XCSwiftPackageProductDependency section */
	};
	rootObject = D400137324BD4646001D429A /* Project object */;
}
